
Microsoft Visual Studio Solution File, Format Version 12.00
# Visual Studio Version 17
VisualStudioVersion = 17.7.34031.279
MinimumVisualStudioVersion = 10.0.40219.1
Project("{9A19103F-16F7-4668-BE54-9A1E7A4F7556}") = "PeopleVille", "PeopleVille\PeopleVille.csproj", "{00656D4A-8512-45BB-8DD3-AFC474C1FCCE}"
EndProject
Project("{9A19103F-16F7-4668-BE54-9A1E7A4F7556}") = "PeopleVilleEngine", "PeopleVilleEngine\PeopleVilleEngine.csproj", "{C4E7D75F-8869-4E8F-837C-F3815503BD3E}"
EndProject
Project("{9A19103F-16F7-4668-BE54-9A1E7A4F7556}") = "PeopleVilleVillagerHomeless", "PeopleVilleVillagerHomeless\PeopleVilleVillagerHomeless.csproj", "{9FDFCE2C-71D0-469C-A774-BC847846BCCE}"
EndProject
Project("{9A19103F-16F7-4668-BE54-9A1E7A4F7556}") = "Interactions", "Interactions\Interactions.csproj", "{1A217C60-ABA9-4A17-AE0D-260F9B4648C1}"
EndProject
Project("{9A19103F-16F7-4668-BE54-9A1E7A4F7556}") = "OutDoorFitness", "Interaction_Libraies\OutDoorFitness\OutDoorFitness.csproj", "{C47AA690-D12C-4657-BAEC-A58594E5CF93}"
EndProject
Project("{9A19103F-16F7-4668-BE54-9A1E7A4F7556}") = "food", "Interaction_Libraies\food\food.csproj", "{D565236F-D68A-4FFF-830A-01D417BF70E1}"
EndProject
Project("{9A19103F-16F7-4668-BE54-9A1E7A4F7556}") = "HungerSystem", "HungerSystem\HungerSystem.csproj", "{755CE692-67BB-42F3-AC49-35C67117E1FC}"
EndProject
Project("{2150E333-8FDC-42A3-9474-1A3956D46DE8}") = "Interaction_Libraies", "Interaction_Libraies", "{FF198159-5F20-4F12-BFA2-A17D7CDC9210}"
EndProject
Project("{9A19103F-16F7-4668-BE54-9A1E7A4F7556}") = "HouseActivities", "Interaction_Libraies\HouseActivities\HouseActivities.csproj", "{12B1924A-93A8-4E7E-A065-36E46DA883C4}"
EndProject
Project("{9A19103F-16F7-4668-BE54-9A1E7A4F7556}") = "Items", "Items\Items.csproj", "{EC7F89C7-6A4F-4AF2-B36F-1DA20B6CD19E}"
EndProject
Project("{2150E333-8FDC-42A3-9474-1A3956D46DE8}") = "ItemModules", "ItemModules", "{7B2F3192-4695-464D-8611-A5B8212C4238}"
EndProject
Project("{9A19103F-16F7-4668-BE54-9A1E7A4F7556}") = "Weapons", "Weapons\Weapons.csproj", "{7A182242-3B66-429A-AA9B-5336A8D29235}"
EndProject
Project("{9A19103F-16F7-4668-BE54-9A1E7A4F7556}") = "Food", "Food\Food.csproj", "{39609BC8-AC08-4C17-8FF4-F3549F74FD28}"
EndProject
Project("{FAE04EC0-301F-11D3-BF4B-00C04F79EFBC}") = "Bag", "Bag\Bag.csproj", "{73903E8B-A824-49B0-B9E1-ED5A4D54F0E7}"
EndProject
Project("{FAE04EC0-301F-11D3-BF4B-00C04F79EFBC}") = "WorldTimer", "WorldTimer\WorldTimer.csproj", "{EE90A8F7-1333-4790-A596-7B4D997157CD}"
Project("{FAE04EC0-301F-11D3-BF4B-00C04F79EFBC}") = "PeopleVilleBankSystem", "PeopleVilleBankSystem\PeopleVilleBankSystem.csproj", "{EE90A8F7-1333-4790-A596-7B4D997157CD}"
EndProject
Global
	GlobalSection(SolutionConfigurationPlatforms) = preSolution
		Debug|Any CPU = Debug|Any CPU
		Release|Any CPU = Release|Any CPU
	EndGlobalSection
	GlobalSection(ProjectConfigurationPlatforms) = postSolution
		{00656D4A-8512-45BB-8DD3-AFC474C1FCCE}.Debug|Any CPU.ActiveCfg = Debug|Any CPU
		{00656D4A-8512-45BB-8DD3-AFC474C1FCCE}.Debug|Any CPU.Build.0 = Debug|Any CPU
		{00656D4A-8512-45BB-8DD3-AFC474C1FCCE}.Release|Any CPU.ActiveCfg = Release|Any CPU
		{00656D4A-8512-45BB-8DD3-AFC474C1FCCE}.Release|Any CPU.Build.0 = Release|Any CPU
		{C4E7D75F-8869-4E8F-837C-F3815503BD3E}.Debug|Any CPU.ActiveCfg = Debug|Any CPU
		{C4E7D75F-8869-4E8F-837C-F3815503BD3E}.Debug|Any CPU.Build.0 = Debug|Any CPU
		{C4E7D75F-8869-4E8F-837C-F3815503BD3E}.Release|Any CPU.ActiveCfg = Release|Any CPU
		{C4E7D75F-8869-4E8F-837C-F3815503BD3E}.Release|Any CPU.Build.0 = Release|Any CPU
		{9FDFCE2C-71D0-469C-A774-BC847846BCCE}.Debug|Any CPU.ActiveCfg = Debug|Any CPU
		{9FDFCE2C-71D0-469C-A774-BC847846BCCE}.Debug|Any CPU.Build.0 = Debug|Any CPU
		{9FDFCE2C-71D0-469C-A774-BC847846BCCE}.Release|Any CPU.ActiveCfg = Release|Any CPU
		{9FDFCE2C-71D0-469C-A774-BC847846BCCE}.Release|Any CPU.Build.0 = Release|Any CPU
		{369E85AA-2550-41C1-AEBE-0FCDB08B0ECF}.Debug|Any CPU.ActiveCfg = Debug|Any CPU
		{369E85AA-2550-41C1-AEBE-0FCDB08B0ECF}.Debug|Any CPU.Build.0 = Debug|Any CPU
		{369E85AA-2550-41C1-AEBE-0FCDB08B0ECF}.Release|Any CPU.ActiveCfg = Release|Any CPU
		{369E85AA-2550-41C1-AEBE-0FCDB08B0ECF}.Release|Any CPU.Build.0 = Release|Any CPU
		{1A217C60-ABA9-4A17-AE0D-260F9B4648C1}.Debug|Any CPU.ActiveCfg = Debug|Any CPU
		{1A217C60-ABA9-4A17-AE0D-260F9B4648C1}.Debug|Any CPU.Build.0 = Debug|Any CPU
		{1A217C60-ABA9-4A17-AE0D-260F9B4648C1}.Release|Any CPU.ActiveCfg = Release|Any CPU
		{1A217C60-ABA9-4A17-AE0D-260F9B4648C1}.Release|Any CPU.Build.0 = Release|Any CPU
		{C47AA690-D12C-4657-BAEC-A58594E5CF93}.Debug|Any CPU.ActiveCfg = Debug|Any CPU
		{C47AA690-D12C-4657-BAEC-A58594E5CF93}.Debug|Any CPU.Build.0 = Debug|Any CPU
		{C47AA690-D12C-4657-BAEC-A58594E5CF93}.Release|Any CPU.ActiveCfg = Release|Any CPU
		{C47AA690-D12C-4657-BAEC-A58594E5CF93}.Release|Any CPU.Build.0 = Release|Any CPU
		{D565236F-D68A-4FFF-830A-01D417BF70E1}.Debug|Any CPU.ActiveCfg = Debug|Any CPU
		{D565236F-D68A-4FFF-830A-01D417BF70E1}.Debug|Any CPU.Build.0 = Debug|Any CPU
		{D565236F-D68A-4FFF-830A-01D417BF70E1}.Release|Any CPU.ActiveCfg = Release|Any CPU
		{D565236F-D68A-4FFF-830A-01D417BF70E1}.Release|Any CPU.Build.0 = Release|Any CPU
		{755CE692-67BB-42F3-AC49-35C67117E1FC}.Debug|Any CPU.ActiveCfg = Debug|Any CPU
		{755CE692-67BB-42F3-AC49-35C67117E1FC}.Debug|Any CPU.Build.0 = Debug|Any CPU
		{755CE692-67BB-42F3-AC49-35C67117E1FC}.Release|Any CPU.ActiveCfg = Release|Any CPU
		{755CE692-67BB-42F3-AC49-35C67117E1FC}.Release|Any CPU.Build.0 = Release|Any CPU
		{12B1924A-93A8-4E7E-A065-36E46DA883C4}.Debug|Any CPU.ActiveCfg = Debug|Any CPU
		{12B1924A-93A8-4E7E-A065-36E46DA883C4}.Debug|Any CPU.Build.0 = Debug|Any CPU
		{12B1924A-93A8-4E7E-A065-36E46DA883C4}.Release|Any CPU.ActiveCfg = Release|Any CPU
		{12B1924A-93A8-4E7E-A065-36E46DA883C4}.Release|Any CPU.Build.0 = Release|Any CPU
		{EC7F89C7-6A4F-4AF2-B36F-1DA20B6CD19E}.Debug|Any CPU.ActiveCfg = Debug|Any CPU
		{EC7F89C7-6A4F-4AF2-B36F-1DA20B6CD19E}.Debug|Any CPU.Build.0 = Debug|Any CPU
		{EC7F89C7-6A4F-4AF2-B36F-1DA20B6CD19E}.Release|Any CPU.ActiveCfg = Release|Any CPU
		{EC7F89C7-6A4F-4AF2-B36F-1DA20B6CD19E}.Release|Any CPU.Build.0 = Release|Any CPU
		{7A182242-3B66-429A-AA9B-5336A8D29235}.Debug|Any CPU.ActiveCfg = Debug|Any CPU
		{7A182242-3B66-429A-AA9B-5336A8D29235}.Debug|Any CPU.Build.0 = Debug|Any CPU
		{7A182242-3B66-429A-AA9B-5336A8D29235}.Release|Any CPU.ActiveCfg = Release|Any CPU
		{7A182242-3B66-429A-AA9B-5336A8D29235}.Release|Any CPU.Build.0 = Release|Any CPU
		{39609BC8-AC08-4C17-8FF4-F3549F74FD28}.Debug|Any CPU.ActiveCfg = Debug|Any CPU
		{39609BC8-AC08-4C17-8FF4-F3549F74FD28}.Debug|Any CPU.Build.0 = Debug|Any CPU
		{39609BC8-AC08-4C17-8FF4-F3549F74FD28}.Release|Any CPU.ActiveCfg = Release|Any CPU
		{39609BC8-AC08-4C17-8FF4-F3549F74FD28}.Release|Any CPU.Build.0 = Release|Any CPU
		{73903E8B-A824-49B0-B9E1-ED5A4D54F0E7}.Debug|Any CPU.ActiveCfg = Debug|Any CPU
		{73903E8B-A824-49B0-B9E1-ED5A4D54F0E7}.Debug|Any CPU.Build.0 = Debug|Any CPU
		{73903E8B-A824-49B0-B9E1-ED5A4D54F0E7}.Release|Any CPU.ActiveCfg = Release|Any CPU
		{73903E8B-A824-49B0-B9E1-ED5A4D54F0E7}.Release|Any CPU.Build.0 = Release|Any CPU
		{EE90A8F7-1333-4790-A596-7B4D997157CD}.Debug|Any CPU.ActiveCfg = Debug|Any CPU
		{EE90A8F7-1333-4790-A596-7B4D997157CD}.Debug|Any CPU.Build.0 = Debug|Any CPU
		{EE90A8F7-1333-4790-A596-7B4D997157CD}.Release|Any CPU.ActiveCfg = Release|Any CPU
		{EE90A8F7-1333-4790-A596-7B4D997157CD}.Release|Any CPU.Build.0 = Release|Any CPU
	EndGlobalSection
	GlobalSection(SolutionProperties) = preSolution
		HideSolutionNode = FALSE
	EndGlobalSection
	GlobalSection(NestedProjects) = preSolution
		{12B1924A-93A8-4E7E-A065-36E46DA883C4} = {FF198159-5F20-4F12-BFA2-A17D7CDC9210}
		{7A182242-3B66-429A-AA9B-5336A8D29235} = {7B2F3192-4695-464D-8611-A5B8212C4238}
		{39609BC8-AC08-4C17-8FF4-F3549F74FD28} = {7B2F3192-4695-464D-8611-A5B8212C4238}
		{73903E8B-A824-49B0-B9E1-ED5A4D54F0E7} = {7B2F3192-4695-464D-8611-A5B8212C4238}
	EndGlobalSection
	GlobalSection(ExtensibilityGlobals) = postSolution
		SolutionGuid = {767FA3BF-7AC8-42AE-9089-E5FB641C1FF0}
	EndGlobalSection
EndGlobal
